
Microsoft Visual Studio Solution File, Format Version 12.00
# Visual Studio Version 17
VisualStudioVersion = 17.14.36221.1
MinimumVisualStudioVersion = 10.0.40219.1
Project("{2150E333-8FDC-42A3-9474-1A3956D46DE8}") = "Server", "Server", "{78A52849-1C18-413B-94EC-3A6CEAAA2211}"
EndProject
Project("{2150E333-8FDC-42A3-9474-1A3956D46DE8}") = "Client", "Client", "{A501F18A-67E3-469C-B389-23FB2C3B7FF6}"
EndProject
Project("{FAE04EC0-301F-11D3-BF4B-00C04F79EFBC}") = "BusinessLayer", "src\server\BusinessLayer\BusinessLayer.csproj", "{E9214587-1A0E-4EC3-A2C8-F70E4054871D}"
EndProject
Project("{FAE04EC0-301F-11D3-BF4B-00C04F79EFBC}") = "DataAccessLayer", "src\server\DataAccessLayer\DataAccessLayer.csproj", "{A75C7D7D-71ED-4A91-B996-E9F4D6110691}"
EndProject
Project("{FAE04EC0-301F-11D3-BF4B-00C04F79EFBC}") = "PresentationLayer", "src\client\PresentationLayer\PresentationLayer.csproj", "{678F7F6A-AE9E-4D34-9E2C-B97024A4DCCA}"
EndProject
Project("{FAE04EC0-301F-11D3-BF4B-00C04F79EFBC}") = "Utilities", "src\server\Utilities\Utilities.csproj", "{778FEDEC-C11F-44BE-AE45-8C71ED19017C}"
EndProject
Global
	GlobalSection(SolutionConfigurationPlatforms) = preSolution
		Debug|Any CPU = Debug|Any CPU
		Release|Any CPU = Release|Any CPU
	EndGlobalSection
	GlobalSection(ProjectConfigurationPlatforms) = postSolution
		{E9214587-1A0E-4EC3-A2C8-F70E4054871D}.Debug|Any CPU.ActiveCfg = Debug|Any CPU
		{E9214587-1A0E-4EC3-A2C8-F70E4054871D}.Debug|Any CPU.Build.0 = Debug|Any CPU
		{E9214587-1A0E-4EC3-A2C8-F70E4054871D}.Release|Any CPU.ActiveCfg = Release|Any CPU
		{E9214587-1A0E-4EC3-A2C8-F70E4054871D}.Release|Any CPU.Build.0 = Release|Any CPU
		{A75C7D7D-71ED-4A91-B996-E9F4D6110691}.Debug|Any CPU.ActiveCfg = Debug|Any CPU
		{A75C7D7D-71ED-4A91-B996-E9F4D6110691}.Debug|Any CPU.Build.0 = Debug|Any CPU
		{A75C7D7D-71ED-4A91-B996-E9F4D6110691}.Release|Any CPU.ActiveCfg = Release|Any CPU
		{A75C7D7D-71ED-4A91-B996-E9F4D6110691}.Release|Any CPU.Build.0 = Release|Any CPU
		{678F7F6A-AE9E-4D34-9E2C-B97024A4DCCA}.Debug|Any CPU.ActiveCfg = Debug|Any CPU
		{678F7F6A-AE9E-4D34-9E2C-B97024A4DCCA}.Debug|Any CPU.Build.0 = Debug|Any CPU
		{678F7F6A-AE9E-4D34-9E2C-B97024A4DCCA}.Release|Any CPU.ActiveCfg = Release|Any CPU
		{678F7F6A-AE9E-4D34-9E2C-B97024A4DCCA}.Release|Any CPU.Build.0 = Release|Any CPU
		{778FEDEC-C11F-44BE-AE45-8C71ED19017C}.Debug|Any CPU.ActiveCfg = Debug|Any CPU
		{778FEDEC-C11F-44BE-AE45-8C71ED19017C}.Debug|Any CPU.Build.0 = Debug|Any CPU
		{778FEDEC-C11F-44BE-AE45-8C71ED19017C}.Release|Any CPU.ActiveCfg = Release|Any CPU
		{778FEDEC-C11F-44BE-AE45-8C71ED19017C}.Release|Any CPU.Build.0 = Release|Any CPU
	EndGlobalSection
	GlobalSection(SolutionProperties) = preSolution
		HideSolutionNode = FALSE
	EndGlobalSection
	GlobalSection(NestedProjects) = preSolution
		{E9214587-1A0E-4EC3-A2C8-F70E4054871D} = {78A52849-1C18-413B-94EC-3A6CEAAA2211}
		{A75C7D7D-71ED-4A91-B996-E9F4D6110691} = {78A52849-1C18-413B-94EC-3A6CEAAA2211}
		{678F7F6A-AE9E-4D34-9E2C-B97024A4DCCA} = {A501F18A-67E3-469C-B389-23FB2C3B7FF6}
		{778FEDEC-C11F-44BE-AE45-8C71ED19017C} = {78A52849-1C18-413B-94EC-3A6CEAAA2211}
	EndGlobalSection
	GlobalSection(ExtensibilityGlobals) = postSolution
		SolutionGuid = {939172E8-AF3D-4C78-AE6F-26873B689887}
	EndGlobalSection
EndGlobal
