
Microsoft Visual Studio Solution File, Format Version 12.00
# Visual Studio Version 17
VisualStudioVersion = 17.14.36221.1
MinimumVisualStudioVersion = 10.0.40219.1
Project("{FAE04EC0-301F-11D3-BF4B-00C04F79EFBC}") = "CountryDataAccessLayer", "CountryDataAccessLayer\CountryDataAccessLayer.csproj", "{B080FB87-2B19-4347-9FE3-27F051134352}"
EndProject
Project("{FAE04EC0-301F-11D3-BF4B-00C04F79EFBC}") = "CountryBusinessLayer", "CountryBusinessLayer\CountryBusinessLayer.csproj", "{C44CCF9B-5A6F-439B-8FE2-B654E8CD7D27}"
EndProject
Project("{FAE04EC0-301F-11D3-BF4B-00C04F79EFBC}") = "PersonBusinessLayer", "PeopleBusinessLayer\PersonBusinessLayer.csproj", "{116F2FB3-D0A3-45FE-BB4D-A641ED1642B9}"
EndProject
Project("{FAE04EC0-301F-11D3-BF4B-00C04F79EFBC}") = "PersonDataAccessLayer", "PeopleDataAccessLayer\PersonDataAccessLayer.csproj", "{FC7B7D8F-566D-47EF-A9A9-53BB02C206B5}"
EndProject
Project("{FAE04EC0-301F-11D3-BF4B-00C04F79EFBC}") = "Utilities", "util\Utilities.csproj", "{778FEDEC-C11F-44BE-AE45-8C71ED19017C}"
EndProject
Project("{2150E333-8FDC-42A3-9474-1A3956D46DE8}") = "Country", "Country", "{02EA681E-C7D8-13C7-8484-4AC65E1B71E8}"
EndProject
Project("{2150E333-8FDC-42A3-9474-1A3956D46DE8}") = "Person", "Person", "{A9C2A916-126A-4922-9145-2C3AC0D5F12A}"
EndProject
Project("{2150E333-8FDC-42A3-9474-1A3956D46DE8}") = "Utilities", "Utilities", "{9F6FFF14-388B-4DF0-9FA3-C7DF4C61743C}"
EndProject
Project("{FAE04EC0-301F-11D3-BF4B-00C04F79EFBC}") = "PresentationLayer", "PresentationLayer\PresentationLayer\PresentationLayer.csproj", "{678F7F6A-AE9E-4D34-9E2C-B97024A4DCCA}"
EndProject
Project("{2150E333-8FDC-42A3-9474-1A3956D46DE8}") = "User", "User", "{71EC105F-1439-4AA4-9448-19E88E88CDDA}"
EndProject
Project("{FAE04EC0-301F-11D3-BF4B-00C04F79EFBC}") = "UserBusinessLayer", "UserBusinessLayer\UserBusinessLayer.csproj", "{C833CD5C-1E9D-4F6C-9D8B-72922CB2DCBE}"
EndProject
Project("{FAE04EC0-301F-11D3-BF4B-00C04F79EFBC}") = "UserDataAccessLayer", "UserDataAccessLayer\UserDataAccessLayer.csproj", "{D606F8B5-2687-40E8-B19C-5074CD62FA46}"
EndProject
Project("{2150E333-8FDC-42A3-9474-1A3956D46DE8}") = "ApplicationType", "ApplicationType", "{A897F93A-CAA8-41E3-A135-E765B80946EC}"
EndProject
Project("{FAE04EC0-301F-11D3-BF4B-00C04F79EFBC}") = "ApplicationTypeBusinessLayer", "ApplicationTypeBusinessLayer\ApplicationTypeBusinessLayer.csproj", "{D0B7C18D-5A20-41C5-A7B0-AE708FB0EEDA}"
EndProject
Project("{FAE04EC0-301F-11D3-BF4B-00C04F79EFBC}") = "ApplicationTypeDataAccessLayer", "ApplicationTypeDataAccessLayer\ApplicationTypeDataAccessLayer.csproj", "{F2152425-2605-41EC-9C84-37444550411B}"
EndProject
Project("{2150E333-8FDC-42A3-9474-1A3956D46DE8}") = "TestType", "TestType", "{09A32236-8421-4123-A2D1-7CC1D7DECD96}"
EndProject
Project("{FAE04EC0-301F-11D3-BF4B-00C04F79EFBC}") = "TestTypeBusinessLayer", "TestTypeBusinessLayer\TestTypeBusinessLayer.csproj", "{50E57313-2833-41E3-B121-D0F99852228E}"
EndProject
Project("{FAE04EC0-301F-11D3-BF4B-00C04F79EFBC}") = "TestTypeDataAccessLayer", "TestTypeDataAccessLayer\TestTypeDataAccessLayer.csproj", "{138CA56C-8DC6-43F1-9681-266436D3ADE2}"
EndProject
Project("{2150E333-8FDC-42A3-9474-1A3956D46DE8}") = "Application", "Application", "{53882969-61E7-4FBB-B5C1-08142E425989}"
EndProject
Project("{FAE04EC0-301F-11D3-BF4B-00C04F79EFBC}") = "ApplicationBusinessLayer", "ApplicationBusinessLayer\ApplicationBusinessLayer.csproj", "{1FEFD94C-C19D-4456-90EC-48F68EECBC8A}"
EndProject
Project("{FAE04EC0-301F-11D3-BF4B-00C04F79EFBC}") = "ApplicationDataAccessLayer", "ApplicationDataAccessLayer\ApplicationDataAccessLayer.csproj", "{80701957-2E87-4425-97D7-5E37390DA78C}"
EndProject
Project("{2150E333-8FDC-42A3-9474-1A3956D46DE8}") = "LicenseClass", "LicenseClass", "{4C63E916-17A7-45D5-82E5-9CA87654B206}"
EndProject
Project("{FAE04EC0-301F-11D3-BF4B-00C04F79EFBC}") = "LicenseClassDataAccessLayer", "LicenseClasseDataAccessLayer\LicenseClassDataAccessLayer.csproj", "{1915BA1B-0961-4C9C-BDFE-EB3139BC62F0}"
EndProject
Project("{FAE04EC0-301F-11D3-BF4B-00C04F79EFBC}") = "LicenseClassBusinessLayer", "LicenseClasseBusinessLayer\LicenseClassBusinessLayer.csproj", "{85E934F6-FBB3-4D8A-B5D3-C4092F6EA185}"
EndProject
Project("{2150E333-8FDC-42A3-9474-1A3956D46DE8}") = "LocalDrivingLicenseApplication", "LocalDrivingLicenseApplication", "{C3001EFF-D1B8-4953-B20B-9AC1BB7A0A7B}"
EndProject
Project("{FAE04EC0-301F-11D3-BF4B-00C04F79EFBC}") = "LocalDrivingLicenseApplicationDataAccessLayer", "LocalDrivingLicenseApplicationDataAccessLayer\LocalDrivingLicenseApplicationDataAccessLayer.csproj", "{EE595930-CC6C-47C3-9046-B1509A5EC3B3}"
EndProject
Project("{FAE04EC0-301F-11D3-BF4B-00C04F79EFBC}") = "LocalDrivingLicenseApplicationBusinessLayer", "LocalDrivingLicenseApplicationBusinessLayer\LocalDrivingLicenseApplicationBusinessLayer.csproj", "{DF95D364-EE72-4237-9267-7423720955AC}"
EndProject
Project("{2150E333-8FDC-42A3-9474-1A3956D46DE8}") = "TestAppointment", "TestAppointment", "{E54EA16F-0451-4E73-A733-AB5D255D8C7D}"
EndProject
Project("{FAE04EC0-301F-11D3-BF4B-00C04F79EFBC}") = "TestAppointmentDataAccessLayer", "TestAppointmentDataAccessLayer\TestAppointmentDataAccessLayer.csproj", "{389F97D1-EECC-4B53-8942-DAE54C5887BE}"
EndProject
Project("{FAE04EC0-301F-11D3-BF4B-00C04F79EFBC}") = "TestAppointmentBusinessLayer", "TestAppointmentBusinessLayer\TestAppointmentBusinessLayer.csproj", "{27593342-501D-4C21-950D-B7C97B7F5223}"
EndProject
Project("{2150E333-8FDC-42A3-9474-1A3956D46DE8}") = "Test", "Test", "{1BC74B45-4029-469B-BAB3-004DBD85B50E}"
EndProject
Project("{FAE04EC0-301F-11D3-BF4B-00C04F79EFBC}") = "TestBusinessLayer", "TestBusinessLayer\TestBusinessLayer.csproj", "{6BA5E3A6-0694-44D8-8D4F-3A10F9C67E3A}"
EndProject
Project("{FAE04EC0-301F-11D3-BF4B-00C04F79EFBC}") = "TestDataAccessLayer", "TestDataAccessLayer\TestDataAccessLayer.csproj", "{9F791365-68F8-4121-B416-3C436AD41B31}"
EndProject
Project("{2150E333-8FDC-42A3-9474-1A3956D46DE8}") = "Driver", "Driver", "{CF24B38A-F966-43A7-B985-EBDAF41B31C1}"
EndProject
Project("{FAE04EC0-301F-11D3-BF4B-00C04F79EFBC}") = "DriverBusinessLayer", "DriverBusinessLayer\DriverBusinessLayer.csproj", "{35F481B6-FBD2-4933-A930-9EC64A5ED09A}"
EndProject
Project("{FAE04EC0-301F-11D3-BF4B-00C04F79EFBC}") = "DriverDataAccessLayer", "DriverDataAccessLayer\DriverDataAccessLayer.csproj", "{70FE842D-B6EA-4BFF-BCB5-E03FCE63218B}"
EndProject
Project("{2150E333-8FDC-42A3-9474-1A3956D46DE8}") = "License", "License", "{FB878CEF-6184-41E2-8052-37B904CE4181}"
EndProject
Project("{FAE04EC0-301F-11D3-BF4B-00C04F79EFBC}") = "LicenseBusinessLayer", "LicenseBusinessLayer\LicenseBusinessLayer.csproj", "{D2D4AC60-4FA4-4FA2-ACDD-7C14A83AAFC3}"
EndProject
Project("{FAE04EC0-301F-11D3-BF4B-00C04F79EFBC}") = "LicenseDataAccessLayer", "LicenseDataAccessLayer\LicenseDataAccessLayer.csproj", "{4BB61EDB-A134-4384-80D4-94C007BAABB5}"
EndProject
Project("{2150E333-8FDC-42A3-9474-1A3956D46DE8}") = "InternationalLicense", "InternationalLicense", "{7F515372-B4BD-4E65-8CFD-420EB744422C}"
EndProject
Project("{FAE04EC0-301F-11D3-BF4B-00C04F79EFBC}") = "InternationalLicenseBusinessLayer", "InternationalLicenseBusinessLayer\InternationalLicenseBusinessLayer.csproj", "{F2AAF2AB-D84A-4A82-999A-BAB1653B8EC6}"
EndProject
Project("{FAE04EC0-301F-11D3-BF4B-00C04F79EFBC}") = "InternationalLicenseDataAccessLayer", "InternationalLicenseDataAccessLayer\InternationalLicenseDataAccessLayer.csproj", "{476960F1-AC7E-4C43-A95A-AD0E5360CE47}"
EndProject
Project("{2150E333-8FDC-42A3-9474-1A3956D46DE8}") = "DetainedLicense", "DetainedLicense", "{259FF3CD-C340-4D4E-A603-1FB43192B682}"
EndProject
Project("{FAE04EC0-301F-11D3-BF4B-00C04F79EFBC}") = "DetainedLicenseBusinessLayer", "DetainedLicenseBusinessLayer\DetainedLicenseBusinessLayer.csproj", "{9A3C1DA3-705B-4308-9F66-2F3395DC26D5}"
EndProject
Project("{FAE04EC0-301F-11D3-BF4B-00C04F79EFBC}") = "DetainedLicenseDataAccessLayer", "DetainedLicenseDataAccessLayer\DetainedLicenseDataAccessLayer.csproj", "{7E095464-700B-4056-8768-AB8C3B1E4190}"
EndProject
Project("{2150E333-8FDC-42A3-9474-1A3956D46DE8}") = "Server", "Server", "{78A52849-1C18-413B-94EC-3A6CEAAA2211}"
EndProject
Project("{2150E333-8FDC-42A3-9474-1A3956D46DE8}") = "Client", "Client", "{A501F18A-67E3-469C-B389-23FB2C3B7FF6}"
EndProject
Global
	GlobalSection(SolutionConfigurationPlatforms) = preSolution
		Debug|Any CPU = Debug|Any CPU
		Release|Any CPU = Release|Any CPU
	EndGlobalSection
	GlobalSection(ProjectConfigurationPlatforms) = postSolution
		{B080FB87-2B19-4347-9FE3-27F051134352}.Debug|Any CPU.ActiveCfg = Debug|Any CPU
		{B080FB87-2B19-4347-9FE3-27F051134352}.Debug|Any CPU.Build.0 = Debug|Any CPU
		{B080FB87-2B19-4347-9FE3-27F051134352}.Release|Any CPU.ActiveCfg = Release|Any CPU
		{B080FB87-2B19-4347-9FE3-27F051134352}.Release|Any CPU.Build.0 = Release|Any CPU
		{C44CCF9B-5A6F-439B-8FE2-B654E8CD7D27}.Debug|Any CPU.ActiveCfg = Debug|Any CPU
		{C44CCF9B-5A6F-439B-8FE2-B654E8CD7D27}.Debug|Any CPU.Build.0 = Debug|Any CPU
		{C44CCF9B-5A6F-439B-8FE2-B654E8CD7D27}.Release|Any CPU.ActiveCfg = Release|Any CPU
		{C44CCF9B-5A6F-439B-8FE2-B654E8CD7D27}.Release|Any CPU.Build.0 = Release|Any CPU
		{116F2FB3-D0A3-45FE-BB4D-A641ED1642B9}.Debug|Any CPU.ActiveCfg = Debug|Any CPU
		{116F2FB3-D0A3-45FE-BB4D-A641ED1642B9}.Debug|Any CPU.Build.0 = Debug|Any CPU
		{116F2FB3-D0A3-45FE-BB4D-A641ED1642B9}.Release|Any CPU.ActiveCfg = Release|Any CPU
		{116F2FB3-D0A3-45FE-BB4D-A641ED1642B9}.Release|Any CPU.Build.0 = Release|Any CPU
		{FC7B7D8F-566D-47EF-A9A9-53BB02C206B5}.Debug|Any CPU.ActiveCfg = Debug|Any CPU
		{FC7B7D8F-566D-47EF-A9A9-53BB02C206B5}.Debug|Any CPU.Build.0 = Debug|Any CPU
		{FC7B7D8F-566D-47EF-A9A9-53BB02C206B5}.Release|Any CPU.ActiveCfg = Release|Any CPU
		{FC7B7D8F-566D-47EF-A9A9-53BB02C206B5}.Release|Any CPU.Build.0 = Release|Any CPU
		{778FEDEC-C11F-44BE-AE45-8C71ED19017C}.Debug|Any CPU.ActiveCfg = Debug|Any CPU
		{778FEDEC-C11F-44BE-AE45-8C71ED19017C}.Debug|Any CPU.Build.0 = Debug|Any CPU
		{778FEDEC-C11F-44BE-AE45-8C71ED19017C}.Release|Any CPU.ActiveCfg = Release|Any CPU
		{778FEDEC-C11F-44BE-AE45-8C71ED19017C}.Release|Any CPU.Build.0 = Release|Any CPU
		{678F7F6A-AE9E-4D34-9E2C-B97024A4DCCA}.Debug|Any CPU.ActiveCfg = Debug|Any CPU
		{678F7F6A-AE9E-4D34-9E2C-B97024A4DCCA}.Debug|Any CPU.Build.0 = Debug|Any CPU
		{678F7F6A-AE9E-4D34-9E2C-B97024A4DCCA}.Release|Any CPU.ActiveCfg = Release|Any CPU
		{678F7F6A-AE9E-4D34-9E2C-B97024A4DCCA}.Release|Any CPU.Build.0 = Release|Any CPU
		{C833CD5C-1E9D-4F6C-9D8B-72922CB2DCBE}.Debug|Any CPU.ActiveCfg = Debug|Any CPU
		{C833CD5C-1E9D-4F6C-9D8B-72922CB2DCBE}.Debug|Any CPU.Build.0 = Debug|Any CPU
		{C833CD5C-1E9D-4F6C-9D8B-72922CB2DCBE}.Release|Any CPU.ActiveCfg = Release|Any CPU
		{C833CD5C-1E9D-4F6C-9D8B-72922CB2DCBE}.Release|Any CPU.Build.0 = Release|Any CPU
		{D606F8B5-2687-40E8-B19C-5074CD62FA46}.Debug|Any CPU.ActiveCfg = Debug|Any CPU
		{D606F8B5-2687-40E8-B19C-5074CD62FA46}.Debug|Any CPU.Build.0 = Debug|Any CPU
		{D606F8B5-2687-40E8-B19C-5074CD62FA46}.Release|Any CPU.ActiveCfg = Release|Any CPU
		{D606F8B5-2687-40E8-B19C-5074CD62FA46}.Release|Any CPU.Build.0 = Release|Any CPU
		{D0B7C18D-5A20-41C5-A7B0-AE708FB0EEDA}.Debug|Any CPU.ActiveCfg = Debug|Any CPU
		{D0B7C18D-5A20-41C5-A7B0-AE708FB0EEDA}.Debug|Any CPU.Build.0 = Debug|Any CPU
		{D0B7C18D-5A20-41C5-A7B0-AE708FB0EEDA}.Release|Any CPU.ActiveCfg = Release|Any CPU
		{D0B7C18D-5A20-41C5-A7B0-AE708FB0EEDA}.Release|Any CPU.Build.0 = Release|Any CPU
		{F2152425-2605-41EC-9C84-37444550411B}.Debug|Any CPU.ActiveCfg = Debug|Any CPU
		{F2152425-2605-41EC-9C84-37444550411B}.Debug|Any CPU.Build.0 = Debug|Any CPU
		{F2152425-2605-41EC-9C84-37444550411B}.Release|Any CPU.ActiveCfg = Release|Any CPU
		{F2152425-2605-41EC-9C84-37444550411B}.Release|Any CPU.Build.0 = Release|Any CPU
		{50E57313-2833-41E3-B121-D0F99852228E}.Debug|Any CPU.ActiveCfg = Debug|Any CPU
		{50E57313-2833-41E3-B121-D0F99852228E}.Debug|Any CPU.Build.0 = Debug|Any CPU
		{50E57313-2833-41E3-B121-D0F99852228E}.Release|Any CPU.ActiveCfg = Release|Any CPU
		{50E57313-2833-41E3-B121-D0F99852228E}.Release|Any CPU.Build.0 = Release|Any CPU
		{138CA56C-8DC6-43F1-9681-266436D3ADE2}.Debug|Any CPU.ActiveCfg = Debug|Any CPU
		{138CA56C-8DC6-43F1-9681-266436D3ADE2}.Debug|Any CPU.Build.0 = Debug|Any CPU
		{138CA56C-8DC6-43F1-9681-266436D3ADE2}.Release|Any CPU.ActiveCfg = Release|Any CPU
		{138CA56C-8DC6-43F1-9681-266436D3ADE2}.Release|Any CPU.Build.0 = Release|Any CPU
		{1FEFD94C-C19D-4456-90EC-48F68EECBC8A}.Debug|Any CPU.ActiveCfg = Debug|Any CPU
		{1FEFD94C-C19D-4456-90EC-48F68EECBC8A}.Debug|Any CPU.Build.0 = Debug|Any CPU
		{1FEFD94C-C19D-4456-90EC-48F68EECBC8A}.Release|Any CPU.ActiveCfg = Release|Any CPU
		{1FEFD94C-C19D-4456-90EC-48F68EECBC8A}.Release|Any CPU.Build.0 = Release|Any CPU
		{80701957-2E87-4425-97D7-5E37390DA78C}.Debug|Any CPU.ActiveCfg = Debug|Any CPU
		{80701957-2E87-4425-97D7-5E37390DA78C}.Debug|Any CPU.Build.0 = Debug|Any CPU
		{80701957-2E87-4425-97D7-5E37390DA78C}.Release|Any CPU.ActiveCfg = Release|Any CPU
		{80701957-2E87-4425-97D7-5E37390DA78C}.Release|Any CPU.Build.0 = Release|Any CPU
		{1915BA1B-0961-4C9C-BDFE-EB3139BC62F0}.Debug|Any CPU.ActiveCfg = Debug|Any CPU
		{1915BA1B-0961-4C9C-BDFE-EB3139BC62F0}.Debug|Any CPU.Build.0 = Debug|Any CPU
		{1915BA1B-0961-4C9C-BDFE-EB3139BC62F0}.Release|Any CPU.ActiveCfg = Release|Any CPU
		{1915BA1B-0961-4C9C-BDFE-EB3139BC62F0}.Release|Any CPU.Build.0 = Release|Any CPU
		{85E934F6-FBB3-4D8A-B5D3-C4092F6EA185}.Debug|Any CPU.ActiveCfg = Debug|Any CPU
		{85E934F6-FBB3-4D8A-B5D3-C4092F6EA185}.Debug|Any CPU.Build.0 = Debug|Any CPU
		{85E934F6-FBB3-4D8A-B5D3-C4092F6EA185}.Release|Any CPU.ActiveCfg = Release|Any CPU
		{85E934F6-FBB3-4D8A-B5D3-C4092F6EA185}.Release|Any CPU.Build.0 = Release|Any CPU
		{EE595930-CC6C-47C3-9046-B1509A5EC3B3}.Debug|Any CPU.ActiveCfg = Debug|Any CPU
		{EE595930-CC6C-47C3-9046-B1509A5EC3B3}.Debug|Any CPU.Build.0 = Debug|Any CPU
		{EE595930-CC6C-47C3-9046-B1509A5EC3B3}.Release|Any CPU.ActiveCfg = Release|Any CPU
		{EE595930-CC6C-47C3-9046-B1509A5EC3B3}.Release|Any CPU.Build.0 = Release|Any CPU
		{DF95D364-EE72-4237-9267-7423720955AC}.Debug|Any CPU.ActiveCfg = Debug|Any CPU
		{DF95D364-EE72-4237-9267-7423720955AC}.Debug|Any CPU.Build.0 = Debug|Any CPU
		{DF95D364-EE72-4237-9267-7423720955AC}.Release|Any CPU.ActiveCfg = Release|Any CPU
		{DF95D364-EE72-4237-9267-7423720955AC}.Release|Any CPU.Build.0 = Release|Any CPU
		{389F97D1-EECC-4B53-8942-DAE54C5887BE}.Debug|Any CPU.ActiveCfg = Debug|Any CPU
		{389F97D1-EECC-4B53-8942-DAE54C5887BE}.Debug|Any CPU.Build.0 = Debug|Any CPU
		{389F97D1-EECC-4B53-8942-DAE54C5887BE}.Release|Any CPU.ActiveCfg = Release|Any CPU
		{389F97D1-EECC-4B53-8942-DAE54C5887BE}.Release|Any CPU.Build.0 = Release|Any CPU
		{27593342-501D-4C21-950D-B7C97B7F5223}.Debug|Any CPU.ActiveCfg = Debug|Any CPU
		{27593342-501D-4C21-950D-B7C97B7F5223}.Debug|Any CPU.Build.0 = Debug|Any CPU
		{27593342-501D-4C21-950D-B7C97B7F5223}.Release|Any CPU.ActiveCfg = Release|Any CPU
		{27593342-501D-4C21-950D-B7C97B7F5223}.Release|Any CPU.Build.0 = Release|Any CPU
		{6BA5E3A6-0694-44D8-8D4F-3A10F9C67E3A}.Debug|Any CPU.ActiveCfg = Debug|Any CPU
		{6BA5E3A6-0694-44D8-8D4F-3A10F9C67E3A}.Debug|Any CPU.Build.0 = Debug|Any CPU
		{6BA5E3A6-0694-44D8-8D4F-3A10F9C67E3A}.Release|Any CPU.ActiveCfg = Release|Any CPU
		{6BA5E3A6-0694-44D8-8D4F-3A10F9C67E3A}.Release|Any CPU.Build.0 = Release|Any CPU
		{9F791365-68F8-4121-B416-3C436AD41B31}.Debug|Any CPU.ActiveCfg = Debug|Any CPU
		{9F791365-68F8-4121-B416-3C436AD41B31}.Debug|Any CPU.Build.0 = Debug|Any CPU
		{9F791365-68F8-4121-B416-3C436AD41B31}.Release|Any CPU.ActiveCfg = Release|Any CPU
		{9F791365-68F8-4121-B416-3C436AD41B31}.Release|Any CPU.Build.0 = Release|Any CPU
		{35F481B6-FBD2-4933-A930-9EC64A5ED09A}.Debug|Any CPU.ActiveCfg = Debug|Any CPU
		{35F481B6-FBD2-4933-A930-9EC64A5ED09A}.Debug|Any CPU.Build.0 = Debug|Any CPU
		{35F481B6-FBD2-4933-A930-9EC64A5ED09A}.Release|Any CPU.ActiveCfg = Release|Any CPU
		{35F481B6-FBD2-4933-A930-9EC64A5ED09A}.Release|Any CPU.Build.0 = Release|Any CPU
		{70FE842D-B6EA-4BFF-BCB5-E03FCE63218B}.Debug|Any CPU.ActiveCfg = Debug|Any CPU
		{70FE842D-B6EA-4BFF-BCB5-E03FCE63218B}.Debug|Any CPU.Build.0 = Debug|Any CPU
		{70FE842D-B6EA-4BFF-BCB5-E03FCE63218B}.Release|Any CPU.ActiveCfg = Release|Any CPU
		{70FE842D-B6EA-4BFF-BCB5-E03FCE63218B}.Release|Any CPU.Build.0 = Release|Any CPU
		{D2D4AC60-4FA4-4FA2-ACDD-7C14A83AAFC3}.Debug|Any CPU.ActiveCfg = Debug|Any CPU
		{D2D4AC60-4FA4-4FA2-ACDD-7C14A83AAFC3}.Debug|Any CPU.Build.0 = Debug|Any CPU
		{D2D4AC60-4FA4-4FA2-ACDD-7C14A83AAFC3}.Release|Any CPU.ActiveCfg = Release|Any CPU
		{D2D4AC60-4FA4-4FA2-ACDD-7C14A83AAFC3}.Release|Any CPU.Build.0 = Release|Any CPU
		{4BB61EDB-A134-4384-80D4-94C007BAABB5}.Debug|Any CPU.ActiveCfg = Debug|Any CPU
		{4BB61EDB-A134-4384-80D4-94C007BAABB5}.Debug|Any CPU.Build.0 = Debug|Any CPU
		{4BB61EDB-A134-4384-80D4-94C007BAABB5}.Release|Any CPU.ActiveCfg = Release|Any CPU
		{4BB61EDB-A134-4384-80D4-94C007BAABB5}.Release|Any CPU.Build.0 = Release|Any CPU
		{F2AAF2AB-D84A-4A82-999A-BAB1653B8EC6}.Debug|Any CPU.ActiveCfg = Debug|Any CPU
		{F2AAF2AB-D84A-4A82-999A-BAB1653B8EC6}.Debug|Any CPU.Build.0 = Debug|Any CPU
		{F2AAF2AB-D84A-4A82-999A-BAB1653B8EC6}.Release|Any CPU.ActiveCfg = Release|Any CPU
		{F2AAF2AB-D84A-4A82-999A-BAB1653B8EC6}.Release|Any CPU.Build.0 = Release|Any CPU
		{476960F1-AC7E-4C43-A95A-AD0E5360CE47}.Debug|Any CPU.ActiveCfg = Debug|Any CPU
		{476960F1-AC7E-4C43-A95A-AD0E5360CE47}.Debug|Any CPU.Build.0 = Debug|Any CPU
		{476960F1-AC7E-4C43-A95A-AD0E5360CE47}.Release|Any CPU.ActiveCfg = Release|Any CPU
		{476960F1-AC7E-4C43-A95A-AD0E5360CE47}.Release|Any CPU.Build.0 = Release|Any CPU
		{9A3C1DA3-705B-4308-9F66-2F3395DC26D5}.Debug|Any CPU.ActiveCfg = Debug|Any CPU
		{9A3C1DA3-705B-4308-9F66-2F3395DC26D5}.Debug|Any CPU.Build.0 = Debug|Any CPU
		{9A3C1DA3-705B-4308-9F66-2F3395DC26D5}.Release|Any CPU.ActiveCfg = Release|Any CPU
		{9A3C1DA3-705B-4308-9F66-2F3395DC26D5}.Release|Any CPU.Build.0 = Release|Any CPU
		{7E095464-700B-4056-8768-AB8C3B1E4190}.Debug|Any CPU.ActiveCfg = Debug|Any CPU
		{7E095464-700B-4056-8768-AB8C3B1E4190}.Debug|Any CPU.Build.0 = Debug|Any CPU
		{7E095464-700B-4056-8768-AB8C3B1E4190}.Release|Any CPU.ActiveCfg = Release|Any CPU
		{7E095464-700B-4056-8768-AB8C3B1E4190}.Release|Any CPU.Build.0 = Release|Any CPU
	EndGlobalSection
	GlobalSection(SolutionProperties) = preSolution
		HideSolutionNode = FALSE
	EndGlobalSection
	GlobalSection(NestedProjects) = preSolution
		{B080FB87-2B19-4347-9FE3-27F051134352} = {02EA681E-C7D8-13C7-8484-4AC65E1B71E8}
		{C44CCF9B-5A6F-439B-8FE2-B654E8CD7D27} = {02EA681E-C7D8-13C7-8484-4AC65E1B71E8}
		{116F2FB3-D0A3-45FE-BB4D-A641ED1642B9} = {A9C2A916-126A-4922-9145-2C3AC0D5F12A}
		{FC7B7D8F-566D-47EF-A9A9-53BB02C206B5} = {A9C2A916-126A-4922-9145-2C3AC0D5F12A}
		{778FEDEC-C11F-44BE-AE45-8C71ED19017C} = {9F6FFF14-388B-4DF0-9FA3-C7DF4C61743C}
		{02EA681E-C7D8-13C7-8484-4AC65E1B71E8} = {78A52849-1C18-413B-94EC-3A6CEAAA2211}
		{A9C2A916-126A-4922-9145-2C3AC0D5F12A} = {78A52849-1C18-413B-94EC-3A6CEAAA2211}
		{9F6FFF14-388B-4DF0-9FA3-C7DF4C61743C} = {78A52849-1C18-413B-94EC-3A6CEAAA2211}
		{678F7F6A-AE9E-4D34-9E2C-B97024A4DCCA} = {A501F18A-67E3-469C-B389-23FB2C3B7FF6}
		{71EC105F-1439-4AA4-9448-19E88E88CDDA} = {78A52849-1C18-413B-94EC-3A6CEAAA2211}
		{C833CD5C-1E9D-4F6C-9D8B-72922CB2DCBE} = {71EC105F-1439-4AA4-9448-19E88E88CDDA}
		{D606F8B5-2687-40E8-B19C-5074CD62FA46} = {71EC105F-1439-4AA4-9448-19E88E88CDDA}
		{A897F93A-CAA8-41E3-A135-E765B80946EC} = {78A52849-1C18-413B-94EC-3A6CEAAA2211}
		{D0B7C18D-5A20-41C5-A7B0-AE708FB0EEDA} = {A897F93A-CAA8-41E3-A135-E765B80946EC}
		{F2152425-2605-41EC-9C84-37444550411B} = {A897F93A-CAA8-41E3-A135-E765B80946EC}
		{09A32236-8421-4123-A2D1-7CC1D7DECD96} = {78A52849-1C18-413B-94EC-3A6CEAAA2211}
		{50E57313-2833-41E3-B121-D0F99852228E} = {09A32236-8421-4123-A2D1-7CC1D7DECD96}
		{138CA56C-8DC6-43F1-9681-266436D3ADE2} = {09A32236-8421-4123-A2D1-7CC1D7DECD96}
		{53882969-61E7-4FBB-B5C1-08142E425989} = {78A52849-1C18-413B-94EC-3A6CEAAA2211}
		{1FEFD94C-C19D-4456-90EC-48F68EECBC8A} = {53882969-61E7-4FBB-B5C1-08142E425989}
		{80701957-2E87-4425-97D7-5E37390DA78C} = {53882969-61E7-4FBB-B5C1-08142E425989}
		{4C63E916-17A7-45D5-82E5-9CA87654B206} = {78A52849-1C18-413B-94EC-3A6CEAAA2211}
		{1915BA1B-0961-4C9C-BDFE-EB3139BC62F0} = {4C63E916-17A7-45D5-82E5-9CA87654B206}
		{85E934F6-FBB3-4D8A-B5D3-C4092F6EA185} = {4C63E916-17A7-45D5-82E5-9CA87654B206}
		{C3001EFF-D1B8-4953-B20B-9AC1BB7A0A7B} = {78A52849-1C18-413B-94EC-3A6CEAAA2211}
		{EE595930-CC6C-47C3-9046-B1509A5EC3B3} = {C3001EFF-D1B8-4953-B20B-9AC1BB7A0A7B}
		{DF95D364-EE72-4237-9267-7423720955AC} = {C3001EFF-D1B8-4953-B20B-9AC1BB7A0A7B}
		{E54EA16F-0451-4E73-A733-AB5D255D8C7D} = {78A52849-1C18-413B-94EC-3A6CEAAA2211}
		{389F97D1-EECC-4B53-8942-DAE54C5887BE} = {E54EA16F-0451-4E73-A733-AB5D255D8C7D}
		{27593342-501D-4C21-950D-B7C97B7F5223} = {E54EA16F-0451-4E73-A733-AB5D255D8C7D}
		{1BC74B45-4029-469B-BAB3-004DBD85B50E} = {78A52849-1C18-413B-94EC-3A6CEAAA2211}
		{6BA5E3A6-0694-44D8-8D4F-3A10F9C67E3A} = {1BC74B45-4029-469B-BAB3-004DBD85B50E}
		{9F791365-68F8-4121-B416-3C436AD41B31} = {1BC74B45-4029-469B-BAB3-004DBD85B50E}
		{CF24B38A-F966-43A7-B985-EBDAF41B31C1} = {78A52849-1C18-413B-94EC-3A6CEAAA2211}
		{35F481B6-FBD2-4933-A930-9EC64A5ED09A} = {CF24B38A-F966-43A7-B985-EBDAF41B31C1}
		{70FE842D-B6EA-4BFF-BCB5-E03FCE63218B} = {CF24B38A-F966-43A7-B985-EBDAF41B31C1}
		{FB878CEF-6184-41E2-8052-37B904CE4181} = {78A52849-1C18-413B-94EC-3A6CEAAA2211}
		{D2D4AC60-4FA4-4FA2-ACDD-7C14A83AAFC3} = {FB878CEF-6184-41E2-8052-37B904CE4181}
		{4BB61EDB-A134-4384-80D4-94C007BAABB5} = {FB878CEF-6184-41E2-8052-37B904CE4181}
		{7F515372-B4BD-4E65-8CFD-420EB744422C} = {78A52849-1C18-413B-94EC-3A6CEAAA2211}
		{F2AAF2AB-D84A-4A82-999A-BAB1653B8EC6} = {7F515372-B4BD-4E65-8CFD-420EB744422C}
		{476960F1-AC7E-4C43-A95A-AD0E5360CE47} = {7F515372-B4BD-4E65-8CFD-420EB744422C}
		{259FF3CD-C340-4D4E-A603-1FB43192B682} = {78A52849-1C18-413B-94EC-3A6CEAAA2211}
		{9A3C1DA3-705B-4308-9F66-2F3395DC26D5} = {259FF3CD-C340-4D4E-A603-1FB43192B682}
		{7E095464-700B-4056-8768-AB8C3B1E4190} = {259FF3CD-C340-4D4E-A603-1FB43192B682}
	EndGlobalSection
	GlobalSection(ExtensibilityGlobals) = postSolution
		SolutionGuid = {939172E8-AF3D-4C78-AE6F-26873B689887}
	EndGlobalSection
EndGlobal
